<Solution>
  <Folder Name="/apps/">
    <Project Path="apps/Cli/Cli.csproj" />
    <Project Path="apps/Gui.Demo/Gui.Demo.csproj" />
    <Project Path="apps/Tui/Tui.csproj" />
  </Folder>
  <Folder Name="/apps/Tui/" />
  <Folder Name="/apps/Tui/Vendor/">
    <Project Path="apps/Tui/Vendor/TerminalGui/TerminalGui.csproj" />
  </Folder>
  <Folder Name="/src/">
    <Project Path="src/Crypto.Ed25519/Crypto.Ed25519.csproj" />
    <Project Path="src/Crypto/Crypto.csproj" />
    <Project Path="src/Node/Node.csproj" />
    <Project Path="src/RingCT/RingCT.csproj" />
    <Project Path="src/Serialization/Serialization.csproj" />
    <Project Path="src/Wallet/Wallet.csproj" />
  </Folder>
  <Folder Name="/tests/">
    <Project Path="tests/Crypto.Tests/Crypto.Tests.csproj" />
    <Project Path="tests/Gui.Tests/Gui.Tests.csproj" />
    <Project Path="tests/Integration/Integration.csproj" />
    <Project Path="tests/RingCT.Tests/RingCT.Tests.csproj" />
    <Project Path="tests/Serialization.Tests/Serialization.Tests.csproj" />
    <Project Path="tests/Wallet.Tests/Wallet.Tests.csproj" />
  </Folder>
</Solution>
